
Microsoft Visual Studio Solution File, Format Version 12.00
# Visual Studio Version 18
VisualStudioVersion = 18.9.12120.119
MinimumVisualStudioVersion = 10.0.40219.1
Project("{FAE04EC0-301F-11D3-BF4B-00C04F79EFBC}") = "DRSForm", "DRSForm.csproj", "{6FB559B2-989F-42C3-B9FB-33AE491D7BD6}"
EndProject
Global
	GlobalSection(SolutionConfigurationPlatforms) = preSolution
		Debug|Any CPU = Debug|Any CPU
		Release|Any CPU = Release|Any CPU
	EndGlobalSection
	GlobalSection(ProjectConfigurationPlatforms) = postSolution
		{6FB559B2-989F-42C3-B9FB-33AE491D7BD6}.Debug|Any CPU.ActiveCfg = Debug|Any CPU
		{6FB559B2-989F-42C3-B9FB-33AE491D7BD6}.Debug|Any CPU.Build.0 = Debug|Any CPU
		{6FB559B2-989F-42C3-B9FB-33AE491D7BD6}.Release|Any CPU.ActiveCfg = Release|Any CPU
		{6FB559B2-989F-42C3-B9FB-33AE491D7BD6}.Release|Any CPU.Build.0 = Release|Any CPU
	EndGlobalSection
	GlobalSection(SolutionProperties) = preSolution
		HideSolutionNode = FALSE
	EndGlobalSection
	GlobalSection(ExtensibilityGlobals) = postSolution
		SolutionGuid = {087CE794-ACCE-4B5A-8340-3A984985B187}
	EndGlobalSection
EndGlobal
